// !$*UTF8*$!
{
	archiveVersion = 1;
	classes = {
	};
	objectVersion = 46;
	objects = {

/* Begin PBXBuildFile section */
		EE31840F1E30596C00C7BF00 /* AppDelegate.swift in Sources */ = {isa = PBXBuildFile; fileRef = EE31840E1E30596C00C7BF00 /* AppDelegate.swift */; };
		EE3184111E30596C00C7BF00 /* ViewController.swift in Sources */ = {isa = PBXBuildFile; fileRef = EE3184101E30596C00C7BF00 /* ViewController.swift */; };
		EE3184141E30596C00C7BF00 /* Main.storyboard in Resources */ = {isa = PBXBuildFile; fileRef = EE3184121E30596C00C7BF00 /* Main.storyboard */; };
		EE3184161E30596C00C7BF00 /* Assets.xcassets in Resources */ = {isa = PBXBuildFile; fileRef = EE3184151E30596C00C7BF00 /* Assets.xcassets */; };
		EE3184191E30596C00C7BF00 /* LaunchScreen.storyboard in Resources */ = {isa = PBXBuildFile; fileRef = EE3184171E30596C00C7BF00 /* LaunchScreen.storyboard */; };
		EE3184231E306A8200C7BF00 /* database.sql in Resources */ = {isa = PBXBuildFile; fileRef = EE3184221E306A8200C7BF00 /* database.sql */; };
		EE3184251E30961300C7BF00 /* NetWorking.swift in Sources */ = {isa = PBXBuildFile; fileRef = EE3184241E30961300C7BF00 /* NetWorking.swift */; };
/* End PBXBuildFile section */

/* Begin PBXFileReference section */
		EE31840B1E30596C00C7BF00 /* BossClientiOS.app */ = {isa = PBXFileReference; explicitFileType = wrapper.application; includeInIndex = 0; path = BossClientiOS.app; sourceTree = BUILT_PRODUCTS_DIR; };
		EE31840E1E30596C00C7BF00 /* AppDelegate.swift */ = {isa = PBXFileReference; lastKnownFileType = sourcecode.swift; path = AppDelegate.swift; sourceTree = "<group>"; };
		EE3184101E30596C00C7BF00 /* ViewController.swift */ = {isa = PBXFileReference; lastKnownFileType = sourcecode.swift; path = ViewController.swift; sourceTree = "<group>"; };
		EE3184131E30596C00C7BF00 /* Base */ = {isa = PBXFileReference; lastKnownFileType = file.storyboard; name = Base; path = Base.lproj/Main.storyboard; sourceTree = "<group>"; };
		EE3184151E30596C00C7BF00 /* Assets.xcassets */ = {isa = PBXFileReference; lastKnownFileType = folder.assetcatalog; path = Assets.xcassets; sourceTree = "<group>"; };
		EE3184181E30596C00C7BF00 /* Base */ = {isa = PBXFileReference; lastKnownFileType = file.storyboard; name = Base; path = Base.lproj/LaunchScreen.storyboard; sourceTree = "<group>"; };
		EE31841A1E30596C00C7BF00 /* Info.plist */ = {isa = PBXFileReference; lastKnownFileType = text.plist.xml; path = Info.plist; sourceTree = "<group>"; };
		EE3184221E306A8200C7BF00 /* database.sql */ = {isa = PBXFileReference; fileEncoding = 4; lastKnownFileType = text; path = database.sql; sourceTree = "<group>"; };
		EE3184241E30961300C7BF00 /* NetWorking.swift */ = {isa = PBXFileReference; fileEncoding = 4; lastKnownFileType = sourcecode.swift; path = NetWorking.swift; sourceTree = "<group>"; };
/* End PBXFileReference section */

/* Begin PBXFrameworksBuildPhase section */
		EE3184081E30596C00C7BF00 /* Frameworks */ = {
			isa = PBXFrameworksBuildPhase;
			buildActionMask = 2147483647;
			files = (
			);
			runOnlyForDeploymentPostprocessing = 0;
		};
/* End PBXFrameworksBuildPhase section */

/* Begin PBXGroup section */
		EE3184021E30596B00C7BF00 = {
			isa = PBXGroup;
			children = (
				EE31840D1E30596C00C7BF00 /* BossClientiOS */,
				EE31840C1E30596C00C7BF00 /* Products */,
			);
			sourceTree = "<group>";
		};
		EE31840C1E30596C00C7BF00 /* Products */ = {
			isa = PBXGroup;
			children = (
				EE31840B1E30596C00C7BF00 /* BossClientiOS.app */,
			);
			name = Products;
			sourceTree = "<group>";
		};
		EE31840D1E30596C00C7BF00 /* BossClientiOS */ = {
			isa = PBXGroup;
			children = (
				EE3184221E306A8200C7BF00 /* database.sql */,
				EE31840E1E30596C00C7BF00 /* AppDelegate.swift */,
				EE3184101E30596C00C7BF00 /* ViewController.swift */,
				EE3184241E30961300C7BF00 /* NetWorking.swift */,
				EE3184121E30596C00C7BF00 /* Main.storyboard */,
				EE3184151E30596C00C7BF00 /* Assets.xcassets */,
				EE3184171E30596C00C7BF00 /* LaunchScreen.storyboard */,
				EE31841A1E30596C00C7BF00 /* Info.plist */,
			);
			path = BossClientiOS;
			sourceTree = "<group>";
		};
/* End PBXGroup section */

/* Begin PBXNativeTarget section */
		EE31840A1E30596C00C7BF00 /* BossClientiOS */ = {
			isa = PBXNativeTarget;
			buildConfigurationList = EE31841D1E30596C00C7BF00 /* Build configuration list for PBXNativeTarget "BossClientiOS" */;
			buildPhases = (
				EE3184071E30596C00C7BF00 /* Sources */,
				EE3184081E30596C00C7BF00 /* Frameworks */,
				EE3184091E30596C00C7BF00 /* Resources */,
			);
			buildRules = (
			);
			dependencies = (
			);
			name = BossClientiOS;
			productName = BossClientiOS;
			productReference = EE31840B1E30596C00C7BF00 /* BossClientiOS.app */;
			productType = "com.apple.product-type.application";
		};
/* End PBXNativeTarget section */

/* Begin PBXProject section */
		EE3184031E30596B00C7BF00 /* Project object */ = {
			isa = PBXProject;
			attributes = {
				LastSwiftUpdateCheck = 0820;
				LastUpgradeCheck = 0820;
				ORGANIZATIONNAME = seastar;
				TargetAttributes = {
					EE31840A1E30596C00C7BF00 = {
						CreatedOnToolsVersion = 8.2;
						ProvisioningStyle = Automatic;
					};
				};
			};
			buildConfigurationList = EE3184061E30596B00C7BF00 /* Build configuration list for PBXProject "BossClientiOS" */;
			compatibilityVersion = "Xcode 3.2";
			developmentRegion = English;
			hasScannedForEncodings = 0;
			knownRegions = (
				en,
				Base,
			);
			mainGroup = EE3184021E30596B00C7BF00;
			productRefGroup = EE31840C1E30596C00C7BF00 /* Products */;
			projectDirPath = "";
			projectRoot = "";
			targets = (
				EE31840A1E30596C00C7BF00 /* BossClientiOS */,
			);
		};
/* End PBXProject section */

/* Begin PBXResourcesBuildPhase section */
		EE3184091E30596C00C7BF00 /* Resources */ = {
			isa = PBXResourcesBuildPhase;
			buildActionMask = 2147483647;
			files = (
				EE3184191E30596C00C7BF00 /* LaunchScreen.storyboard in Resources */,
				EE3184161E30596C00C7BF00 /* Assets.xcassets in Resources */,
				EE3184141E30596C00C7BF00 /* Main.storyboard in Resources */,
				EE3184231E306A8200C7BF00 /* database.sql in Resources */,
			);
			runOnlyForDeploymentPostprocessing = 0;
		};
/* End PBXResourcesBuildPhase section */

/* Begin PBXSourcesBuildPhase section */
		EE3184071E30596C00C7BF00 /* Sources */ = {
			isa = PBXSourcesBuildPhase;
			buildActionMask = 2147483647;
			files = (
				EE3184111E30596C00C7BF00 /* ViewController.swift in Sources */,
				EE31840F1E30596C00C7BF00 /* AppDelegate.swift in Sources */,
				EE3184251E30961300C7BF00 /* NetWorking.swift in Sources */,
			);
			runOnlyForDeploymentPostprocessing = 0;
		};
/* End PBXSourcesBuildPhase section */

/* Begin PBXVariantGroup section */
		EE3184121E30596C00C7BF00 /* Main.storyboard */ = {
			isa = PBXVariantGroup;
			children = (
				EE3184131E30596C00C7BF00 /* Base */,
			);
			name = Main.storyboard;
			sourceTree = "<group>";
		};
		EE3184171E30596C00C7BF00 /* LaunchScreen.storyboard */ = {
			isa = PBXVariantGroup;
			children = (
				EE3184181E30596C00C7BF00 /* Base */,
			);
			name = LaunchScreen.storyboard;
			sourceTree = "<group>";
		};
/* End PBXVariantGroup section */

/* Begin XCBuildConfiguration section */
		EE31841B1E30596C00C7BF00 /* Debug */ = {
			isa = XCBuildConfiguration;
			buildSettings = {
				ALWAYS_SEARCH_USER_PATHS = NO;
				CLANG_ANALYZER_NONNULL = YES;
				CLANG_CXX_LANGUAGE_STANDARD = "gnu++0x";
				CLANG_CXX_LIBRARY = "libc++";
				CLANG_ENABLE_MODULES = YES;
				CLANG_ENABLE_OBJC_ARC = YES;
				CLANG_WARN_BOOL_CONVERSION = YES;
				CLANG_WARN_CONSTANT_CONVERSION = YES;
				CLANG_WARN_DIRECT_OBJC_ISA_USAGE = YES_ERROR;
				CLANG_WARN_DOCUMENTATION_COMMENTS = YES;
				CLANG_WARN_EMPTY_BODY = YES;
				CLANG_WARN_ENUM_CONVERSION = YES;
				CLANG_WARN_INFINITE_RECURSION = YES;
				CLANG_WARN_INT_CONVERSION = YES;
				CLANG_WARN_OBJC_ROOT_CLASS = YES_ERROR;
				CLANG_WARN_SUSPICIOUS_MOVE = YES;
				CLANG_WARN_UNREACHABLE_CODE = YES;
				CLANG_WARN__DUPLICATE_METHOD_MATCH = YES;
				"CODE_SIGN_IDENTITY[sdk=iphoneos*]" = "iPhone Developer";
				COPY_PHASE_STRIP = NO;
				DEBUG_INFORMATION_FORMAT = dwarf;
				ENABLE_STRICT_OBJC_MSGSEND = YES;
				ENABLE_TESTABILITY = YES;
				GCC_C_LANGUAGE_STANDARD = gnu99;
				GCC_DYNAMIC_NO_PIC = NO;
				GCC_NO_COMMON_BLOCKS = YES;
				GCC_OPTIMIZATION_LEVEL = 0;
				GCC_PREPROCESSOR_DEFINITIONS = (
					"DEBUG=1",
					"$(inherited)",
				);
				GCC_WARN_64_TO_32_BIT_CONVERSION = YES;
				GCC_WARN_ABOUT_RETURN_TYPE = YES_ERROR;
				GCC_WARN_UNDECLARED_SELECTOR = YES;
				GCC_WARN_UNINITIALIZED_AUTOS = YES_AGGRESSIVE;
				GCC_WARN_UNUSED_FUNCTION = YES;
				GCC_WARN_UNUSED_VARIABLE = YES;
				IPHONEOS_DEPLOYMENT_TARGET = 10.2;
				MTL_ENABLE_DEBUG_INFO = YES;
				ONLY_ACTIVE_ARCH = YES;
				SDKROOT = iphoneos;
				SWIFT_ACTIVE_COMPILATION_CONDITIONS = DEBUG;
				SWIFT_OPTIMIZATION_LEVEL = "-Onone";
			};
			name = Debug;
		};
		EE31841C1E30596C00C7BF00 /* Release */ = {
			isa = XCBuildConfiguration;
			buildSettings = {
				ALWAYS_SEARCH_USER_PATHS = NO;
				CLANG_ANALYZER_NONNULL = YES;
				CLANG_CXX_LANGUAGE_STANDARD = "gnu++0x";
				CLANG_CXX_LIBRARY = "libc++";
				CLANG_ENABLE_MODULES = YES;
				CLANG_ENABLE_OBJC_ARC = YES;
				CLANG_WARN_BOOL_CONVERSION = YES;
				CLANG_WARN_CONSTANT_CONVERSION = YES;
				CLANG_WARN_DIRECT_OBJC_ISA_USAGE = YES_ERROR;
				CLANG_WARN_DOCUMENTATION_COMMENTS = YES;
				CLANG_WARN_EMPTY_BODY = YES;
				CLANG_WARN_ENUM_CONVERSION = YES;
				CLANG_WARN_INFINITE_RECURSION = YES;
				CLANG_WARN_INT_CONVERSION = YES;
				CLANG_WARN_OBJC_ROOT_CLASS = YES_ERROR;
				CLANG_WARN_SUSPICIOUS_MOVE = YES;
				CLANG_WARN_UNREACHABLE_CODE = YES;
				CLANG_WARN__DUPLICATE_METHOD_MATCH = YES;
				"CODE_SIGN_IDENTITY[sdk=iphoneos*]" = "iPhone Developer";
				COPY_PHASE_STRIP = NO;
				DEBUG_INFORMATION_FORMAT = "dwarf-with-dsym";
				ENABLE_NS_ASSERTIONS = NO;
				ENABLE_STRICT_OBJC_MSGSEND = YES;
				GCC_C_LANGUAGE_STANDARD = gnu99;
				GCC_NO_COMMON_BLOCKS = YES;
				GCC_WARN_64_TO_32_BIT_CONVERSION = YES;
				GCC_WARN_ABOUT_RETURN_TYPE = YES_ERROR;
				GCC_WARN_UNDECLARED_SELECTOR = YES;
				GCC_WARN_UNINITIALIZED_AUTOS = YES_AGGRESSIVE;
				GCC_WARN_UNUSED_FUNCTION = YES;
				GCC_WARN_UNUSED_VARIABLE = YES;
				IPHONEOS_DEPLOYMENT_TARGET = 10.2;
				MTL_ENABLE_DEBUG_INFO = NO;
				SDKROOT = iphoneos;
				SWIFT_OPTIMIZATION_LEVEL = "-Owholemodule";
				VALIDATE_PRODUCT = YES;
			};
			name = Release;
		};
		EE31841E1E30596C00C7BF00 /* Debug */ = {
			isa = XCBuildConfiguration;
			buildSettings = {
				ASSETCATALOG_COMPILER_APPICON_NAME = AppIcon;
				INFOPLIST_FILE = BossClientiOS/Info.plist;
				LD_RUNPATH_SEARCH_PATHS = "$(inherited) @executable_path/Frameworks";
				PRODUCT_BUNDLE_IDENTIFIER = seaster.com.BossClientiOS;
				PRODUCT_NAME = "$(TARGET_NAME)";
				SWIFT_VERSION = 3.0;
			};
			name = Debug;
		};
		EE31841F1E30596C00C7BF00 /* Release */ = {
			isa = XCBuildConfiguration;
			buildSettings = {
				ASSETCATALOG_COMPILER_APPICON_NAME = AppIcon;
				INFOPLIST_FILE = BossClientiOS/Info.plist;
				LD_RUNPATH_SEARCH_PATHS = "$(inherited) @executable_path/Frameworks";
				PRODUCT_BUNDLE_IDENTIFIER = seaster.com.BossClientiOS;
				PRODUCT_NAME = "$(TARGET_NAME)";
				SWIFT_VERSION = 3.0;
			};
			name = Release;
		};
/* End XCBuildConfiguration section */

/* Begin XCConfigurationList section */
		EE3184061E30596B00C7BF00 /* Build configuration list for PBXProject "BossClientiOS" */ = {
			isa = XCConfigurationList;
			buildConfigurations = (
				EE31841B1E30596C00C7BF00 /* Debug */,
				EE31841C1E30596C00C7BF00 /* Release */,
			);
			defaultConfigurationIsVisible = 0;
			defaultConfigurationName = Release;
		};
		EE31841D1E30596C00C7BF00 /* Build configuration list for PBXNativeTarget "BossClientiOS" */ = {
			isa = XCConfigurationList;
			buildConfigurations = (
				EE31841E1E30596C00C7BF00 /* Debug */,
				EE31841F1E30596C00C7BF00 /* Release */,
			);
			defaultConfigurationIsVisible = 0;
		};
/* End XCConfigurationList section */
	};
	rootObject = EE3184031E30596B00C7BF00 /* Project object */;
}
